- 
  title: Finde Inspiration indem was du tust.
  p: 
    - |
      Unsere Dienstleistungen unterstützen bei der Optimierung und Findung
      moderner digitaler Kundenlösungen.
    - | 
      Besonderer Fokus liegt dabei auf datengetriebene und
      kundenorientierte IT-Lösungen.

- 
  title: Unsere Geschichte
  p: 
    - |
      Über 50 Jahre IT Erfahrung bringt unser Management Team mit.
      Eine sehr breite technische und technologische Expertise gepaart mit einer sehr hohen Beratungskompetenz,
      abgerundet mit einer ausgezeichneten Management Erfahrung in hohen Positionen zeichnet das Management Team aus.
